{
  "name": "biton-topology",
  "version": "0.0.1",
  "lockfileVersion": 1,
  "requires": true,
  "dependencies": {
    "debug": {
      "version": "4.1.1",
      "resolved": "https://registry.npmjs.org/debug/-/debug-4.1.1.tgz",
      "integrity": "sha512-pYAIzeRo8J6KPEaJ0VWOh5Pzkbw/RetuzehGM7QRRX5he4fPHx2rdKMB256ehJCkX+XRQm16eZLqLNS8RSZXZw==",
      "requires": {
        "ms": "^2.1.1"
      }
    },
    "events": {
      "version": "3.2.0",
      "resolved": "https://registry.npmjs.org/events/-/events-3.2.0.tgz",
      "integrity": "sha512-/46HWwbfCX2xTawVfkKLGxMifJYQBWMwY1mjywRtb4c9x8l5NP3KoJtnIOiL1hfdRkIuYhETxQlo62IF8tcnlg=="
    },
    "graphology": {
      "version": "0.17.1",
      "resolved": "https://registry.npmjs.org/graphology/-/graphology-0.17.1.tgz",
      "integrity": "sha512-3cUHg0OzCnLMK+R1sL678afUjtsoQcyq8XU0MmotlpsTqMjq5YrbWBcoXSth3kexRk+ynTiGw6t+ph49zvpQ+g==",
      "requires": {
        "events": "^3.1.0",
        "graphology-types": "^0.16.0",
        "obliterator": "^1.6.1"
      }
    },
    "graphology-types": {
      "version": "0.16.0",
      "resolved": "https://registry.npmjs.org/graphology-types/-/graphology-types-0.16.0.tgz",
      "integrity": "sha512-iBGyPuMHlmHdXaB0cu/vllkPJ3myf063ZICY90zDxYQrJYZ3Dm4h2+dLM3Kof+CVJzM4HGg96ZFZ8HS6C7LgCQ=="
    },
    "ms": {
      "version": "2.1.2",
      "resolved": "https://registry.npmjs.org/ms/-/ms-2.1.2.tgz",
      "integrity": "sha512-sGkPx+VjMtmA6MX27oA4FBFELFCZZ4S4XqeGOXCv68tT+jb3vk/RyaKWP0PTKyWtmLSM0b+adUTEvbs1PEaH2w=="
    },
    "obliterator": {
      "version": "1.6.1",
      "resolved": "https://registry.npmjs.org/obliterator/-/obliterator-1.6.1.tgz",
      "integrity": "sha512-9WXswnqINnnhOG/5SLimUlzuU1hFJUc8zkwyD59Sd+dPOMf05PmnYG/d6Q7HZ+KmgkZJa1PxRso6QdM3sTNHig=="
    }
  }
}
